
Microsoft Visual Studio Solution File, Format Version 12.00
# Visual Studio Version 16
VisualStudioVersion = 16.0.31229.75
MinimumVisualStudioVersion = 10.0.40219.1
Project("{8BC9CEB8-8B4A-11D0-8D11-00A0C91BC942}") = "SFML_RPG", "SFML_RPG\SFML_RPG.vcxproj", "{84792C6C-D042-4693-B529-4530BE3F09F0}"
EndProject
Global
	GlobalSection(SolutionConfigurationPlatforms) = preSolution
		Debug|x64 = Debug|x64
		Release|x64 = Release|x64
	EndGlobalSection
	GlobalSection(ProjectConfigurationPlatforms) = postSolution
		{84792C6C-D042-4693-B529-4530BE3F09F0}.Debug|x64.ActiveCfg = Debug|x64
		{84792C6C-D042-4693-B529-4530BE3F09F0}.Debug|x64.Build.0 = Debug|x64
		{84792C6C-D042-4693-B529-4530BE3F09F0}.Release|x64.ActiveCfg = Release|x64
		{84792C6C-D042-4693-B529-4530BE3F09F0}.Release|x64.Build.0 = Release|x64
	EndGlobalSection
	GlobalSection(SolutionProperties) = preSolution
		HideSolutionNode = FALSE
	EndGlobalSection
	GlobalSection(ExtensibilityGlobals) = postSolution
		SolutionGuid = {76BF475F-E40C-4423-833D-2431D7399384}
	EndGlobalSection
EndGlobal
